
Microsoft Visual Studio Solution File, Format Version 12.00
# Visual Studio Version 17
VisualStudioVersion = 17.5.33627.172
MinimumVisualStudioVersion = 10.0.40219.1
Project("{9A19103F-16F7-4668-BE54-9A1E7A4F7556}") = "Ex1", "Ex1\Ex1.csproj", "{F52BAEB1-A180-4965-AA4C-0CC8BE1BBD41}"
EndProject
Project("{9A19103F-16F7-4668-BE54-9A1E7A4F7556}") = "CalcRaio", "CalcRaio\CalcRaio.csproj", "{C075C34A-D4AA-4A1B-B3EB-0992C04D8D34}"
EndProject
Project("{9A19103F-16F7-4668-BE54-9A1E7A4F7556}") = "CalcDiferenca", "CalcDiferenca\CalcDiferenca.csproj", "{1F74EAB3-9DF2-4AAB-B14A-5CFB94770CDD}"
EndProject
Project("{9A19103F-16F7-4668-BE54-9A1E7A4F7556}") = "CalcSalario", "CalcSalario\CalcSalario.csproj", "{638AD4EF-5CCB-4239-B451-82D2EBCD5CF5}"
EndProject
Project("{FAE04EC0-301F-11D3-BF4B-00C04F79EFBC}") = "CalcProduto", "CalcProduto\CalcProduto.csproj", "{E938C7B4-3858-412A-851B-B3B3057257B3}"
EndProject
Global
	GlobalSection(SolutionConfigurationPlatforms) = preSolution
		Debug|Any CPU = Debug|Any CPU
		Release|Any CPU = Release|Any CPU
	EndGlobalSection
	GlobalSection(ProjectConfigurationPlatforms) = postSolution
		{F52BAEB1-A180-4965-AA4C-0CC8BE1BBD41}.Debug|Any CPU.ActiveCfg = Debug|Any CPU
		{F52BAEB1-A180-4965-AA4C-0CC8BE1BBD41}.Debug|Any CPU.Build.0 = Debug|Any CPU
		{F52BAEB1-A180-4965-AA4C-0CC8BE1BBD41}.Release|Any CPU.ActiveCfg = Release|Any CPU
		{F52BAEB1-A180-4965-AA4C-0CC8BE1BBD41}.Release|Any CPU.Build.0 = Release|Any CPU
		{C075C34A-D4AA-4A1B-B3EB-0992C04D8D34}.Debug|Any CPU.ActiveCfg = Debug|Any CPU
		{C075C34A-D4AA-4A1B-B3EB-0992C04D8D34}.Debug|Any CPU.Build.0 = Debug|Any CPU
		{C075C34A-D4AA-4A1B-B3EB-0992C04D8D34}.Release|Any CPU.ActiveCfg = Release|Any CPU
		{C075C34A-D4AA-4A1B-B3EB-0992C04D8D34}.Release|Any CPU.Build.0 = Release|Any CPU
		{1F74EAB3-9DF2-4AAB-B14A-5CFB94770CDD}.Debug|Any CPU.ActiveCfg = Debug|Any CPU
		{1F74EAB3-9DF2-4AAB-B14A-5CFB94770CDD}.Debug|Any CPU.Build.0 = Debug|Any CPU
		{1F74EAB3-9DF2-4AAB-B14A-5CFB94770CDD}.Release|Any CPU.ActiveCfg = Release|Any CPU
		{1F74EAB3-9DF2-4AAB-B14A-5CFB94770CDD}.Release|Any CPU.Build.0 = Release|Any CPU
		{638AD4EF-5CCB-4239-B451-82D2EBCD5CF5}.Debug|Any CPU.ActiveCfg = Debug|Any CPU
		{638AD4EF-5CCB-4239-B451-82D2EBCD5CF5}.Debug|Any CPU.Build.0 = Debug|Any CPU
		{638AD4EF-5CCB-4239-B451-82D2EBCD5CF5}.Release|Any CPU.ActiveCfg = Release|Any CPU
		{638AD4EF-5CCB-4239-B451-82D2EBCD5CF5}.Release|Any CPU.Build.0 = Release|Any CPU
		{E938C7B4-3858-412A-851B-B3B3057257B3}.Debug|Any CPU.ActiveCfg = Debug|Any CPU
		{E938C7B4-3858-412A-851B-B3B3057257B3}.Debug|Any CPU.Build.0 = Debug|Any CPU
		{E938C7B4-3858-412A-851B-B3B3057257B3}.Release|Any CPU.ActiveCfg = Release|Any CPU
		{E938C7B4-3858-412A-851B-B3B3057257B3}.Release|Any CPU.Build.0 = Release|Any CPU
	EndGlobalSection
	GlobalSection(SolutionProperties) = preSolution
		HideSolutionNode = FALSE
	EndGlobalSection
	GlobalSection(ExtensibilityGlobals) = postSolution
		SolutionGuid = {F57F77A4-9EC4-4DFE-B112-4A0934712A3A}
	EndGlobalSection
EndGlobal
